// !$*UTF8*$!
{
	archiveVersion = 1;
	classes = {
	};
	objectVersion = 51;
	objects = {

/* Begin PBXBuildFile section */
		E531DADA2605DE2800010B62 /* CustomUIView.swift in Sources */ = {isa = PBXBuildFile; fileRef = E531DAD92605DE2800010B62 /* CustomUIView.swift */; };
		E539D56826047E7800839E5A /* HomeViewController.swift in Sources */ = {isa = PBXBuildFile; fileRef = E539D56726047E7700839E5A /* HomeViewController.swift */; };
		E54061C32611F36A006C1AD4 /* Message.swift in Sources */ = {isa = PBXBuildFile; fileRef = E54061C22611F36A006C1AD4 /* Message.swift */; };
		E54144F12604D9D500ADF901 /* CustomUITabBar.swift in Sources */ = {isa = PBXBuildFile; fileRef = E54144F02604D9D500ADF901 /* CustomUITabBar.swift */; };
		E5454D7F26022A7E00A14DE6 /* CustomUITextField.swift in Sources */ = {isa = PBXBuildFile; fileRef = E5454D7D26022A7E00A14DE6 /* CustomUITextField.swift */; };
		E5454D8026022A7E00A14DE6 /* CustomUIButton.swift in Sources */ = {isa = PBXBuildFile; fileRef = E5454D7E26022A7E00A14DE6 /* CustomUIButton.swift */; };
		E5454D8B26022ABC00A14DE6 /* Main.storyboard in Resources */ = {isa = PBXBuildFile; fileRef = E5454D8A26022ABB00A14DE6 /* Main.storyboard */; };
		E5454D8F26022B8000A14DE6 /* GoogleService-Info.plist in Resources */ = {isa = PBXBuildFile; fileRef = E5454D8E26022B7F00A14DE6 /* GoogleService-Info.plist */; };
		E5454D9126022BC800A14DE6 /* Pods_Stuciety.framework in Frameworks */ = {isa = PBXBuildFile; fileRef = E75663564263D437D738F6B6 /* Pods_Stuciety.framework */; };
		E5454D9226022BC800A14DE6 /* Pods_Stuciety.framework in Embed Frameworks */ = {isa = PBXBuildFile; fileRef = E75663564263D437D738F6B6 /* Pods_Stuciety.framework */; settings = {ATTRIBUTES = (CodeSignOnCopy, RemoveHeadersOnCopy, ); }; };
		E54A51F226319A630003D110 /* QuestionnaireCollectionViewCell.swift in Sources */ = {isa = PBXBuildFile; fileRef = E54A51F026319A630003D110 /* QuestionnaireCollectionViewCell.swift */; };
		E54A51F326319A630003D110 /* QuestionnaireCollectionViewCell.xib in Resources */ = {isa = PBXBuildFile; fileRef = E54A51F126319A630003D110 /* QuestionnaireCollectionViewCell.xib */; };
		E54A51F626319ECF0003D110 /* AccountCollectionViewCell.swift in Sources */ = {isa = PBXBuildFile; fileRef = E54A51F426319ECE0003D110 /* AccountCollectionViewCell.swift */; };
		E54A51F726319ECF0003D110 /* AccountCollectionViewCell.xib in Resources */ = {isa = PBXBuildFile; fileRef = E54A51F526319ECE0003D110 /* AccountCollectionViewCell.xib */; };
		E54A9B042602554000EFC6B8 /* Constants.swift in Sources */ = {isa = PBXBuildFile; fileRef = E54A9B032602554000EFC6B8 /* Constants.swift */; };
		E54FEB5B263552F500CEF44F /* QuestionnaireBrain.swift in Sources */ = {isa = PBXBuildFile; fileRef = E54FEB5A263552F500CEF44F /* QuestionnaireBrain.swift */; };
		E574929C260EFAA60094670E /* LoungeTableViewCell.swift in Sources */ = {isa = PBXBuildFile; fileRef = E574929B260EFAA60094670E /* LoungeTableViewCell.swift */; };
		E574929E260EFC5A0094670E /* LoungeCollectionViewCell.swift in Sources */ = {isa = PBXBuildFile; fileRef = E574929D260EFC5A0094670E /* LoungeCollectionViewCell.swift */; };
		E57492A1260EFCD90094670E /* Topic.swift in Sources */ = {isa = PBXBuildFile; fileRef = E57492A0260EFCD90094670E /* Topic.swift */; };
		E5767A6126021FFB00E851B2 /* AppDelegate.swift in Sources */ = {isa = PBXBuildFile; fileRef = E5767A6026021FFB00E851B2 /* AppDelegate.swift */; };
		E5767A6326021FFB00E851B2 /* SceneDelegate.swift in Sources */ = {isa = PBXBuildFile; fileRef = E5767A6226021FFB00E851B2 /* SceneDelegate.swift */; };
		E5767A6A2602200100E851B2 /* Assets.xcassets in Resources */ = {isa = PBXBuildFile; fileRef = E5767A692602200100E851B2 /* Assets.xcassets */; };
		E5767A6D2602200100E851B2 /* LaunchScreen.storyboard in Resources */ = {isa = PBXBuildFile; fileRef = E5767A6B2602200100E851B2 /* LaunchScreen.storyboard */; };
		E578153C26257A4A00E424B4 /* CounselorViewController.swift in Sources */ = {isa = PBXBuildFile; fileRef = E578153B26257A4A00E424B4 /* CounselorViewController.swift */; };
		E57E4D5C261B19FD00C8EFCA /* ChatViewController.swift in Sources */ = {isa = PBXBuildFile; fileRef = E57E4D5B261B19FD00C8EFCA /* ChatViewController.swift */; };
		E58F1119262986FE00266B12 /* LoungeRoomViewController.swift in Sources */ = {isa = PBXBuildFile; fileRef = E58F1118262986FE00266B12 /* LoungeRoomViewController.swift */; };
		E592BFE0261B63F600C40341 /* CustomUIInputBar.swift in Sources */ = {isa = PBXBuildFile; fileRef = E592BFDF261B63F600C40341 /* CustomUIInputBar.swift */; };
		E59D1AE1263421200042EEED /* QuestionViewController.swift in Sources */ = {isa = PBXBuildFile; fileRef = E59D1AE0263421200042EEED /* QuestionViewController.swift */; };
		E59D1AE3263424100042EEED /* Question.swift in Sources */ = {isa = PBXBuildFile; fileRef = E59D1AE2263424100042EEED /* Question.swift */; };
		E59F03052629649E00E0E475 /* TableAnimations.swift in Sources */ = {isa = PBXBuildFile; fileRef = E59F03042629649E00E0E475 /* TableAnimations.swift */; };
		E59F03072629650E00E0E475 /* Tables.swift in Sources */ = {isa = PBXBuildFile; fileRef = E59F03062629650E00E0E475 /* Tables.swift */; };
		E5B112C1262EB6340043889A /* QuestionnaireViewController.swift in Sources */ = {isa = PBXBuildFile; fileRef = E5B112C0262EB6330043889A /* QuestionnaireViewController.swift */; };
		E5B3BA9726023132005D1D0B /* WelcomeViewController.swift in Sources */ = {isa = PBXBuildFile; fileRef = E5B3BA9626023132005D1D0B /* WelcomeViewController.swift */; };
		E5B3BA9926023143005D1D0B /* LoginViewController.swift in Sources */ = {isa = PBXBuildFile; fileRef = E5B3BA9826023143005D1D0B /* LoginViewController.swift */; };
		E5B3BA9B26023150005D1D0B /* RegisterViewController.swift in Sources */ = {isa = PBXBuildFile; fileRef = E5B3BA9A26023150005D1D0B /* RegisterViewController.swift */; };
		E5C5EB392625A3AE00B78932 /* Counselor.swift in Sources */ = {isa = PBXBuildFile; fileRef = E5C5EB382625A3AE00B78932 /* Counselor.swift */; };
		E5C5EB3B2625A7DC00B78932 /* CounselorDetailsViewController.swift in Sources */ = {isa = PBXBuildFile; fileRef = E5C5EB3A2625A7DC00B78932 /* CounselorDetailsViewController.swift */; };
		E5C84C58261EF1AE00559C53 /* AccountViewController.swift in Sources */ = {isa = PBXBuildFile; fileRef = E5C84C57261EF1AE00559C53 /* AccountViewController.swift */; };
		E5CF8A1726258D6500E69C22 /* CounselorTableViewCell.swift in Sources */ = {isa = PBXBuildFile; fileRef = E5CF8A1626258D6500E69C22 /* CounselorTableViewCell.swift */; };
		E5E060D82632BA1400198399 /* QuestionHomeViewController.swift in Sources */ = {isa = PBXBuildFile; fileRef = E5E060D72632BA1400198399 /* QuestionHomeViewController.swift */; };
		E5E099DE261894EC004CFE69 /* SettingsViewController.swift in Sources */ = {isa = PBXBuildFile; fileRef = E5E099DD261894EC004CFE69 /* SettingsViewController.swift */; };
		E5E0E4B4261DD5D9001F59CE /* AddPhotoViewController.swift in Sources */ = {isa = PBXBuildFile; fileRef = E5E0E4B3261DD5D9001F59CE /* AddPhotoViewController.swift */; };
		E5E0EDA42632B15300D52230 /* Questionnaire.swift in Sources */ = {isa = PBXBuildFile; fileRef = E5E0EDA32632B15300D52230 /* Questionnaire.swift */; };
/* End PBXBuildFile section */

/* Begin PBXCopyFilesBuildPhase section */
		E5454D9326022BC800A14DE6 /* Embed Frameworks */ = {
			isa = PBXCopyFilesBuildPhase;
			buildActionMask = 2147483647;
			dstPath = "";
			dstSubfolderSpec = 10;
			files = (
				E5454D9226022BC800A14DE6 /* Pods_Stuciety.framework in Embed Frameworks */,
			);
			name = "Embed Frameworks";
			runOnlyForDeploymentPostprocessing = 0;
		};
/* End PBXCopyFilesBuildPhase section */

/* Begin PBXFileReference section */
		2C9A29EF4185FC5DDAEF05AF /* Pods-Stuciety.release.xcconfig */ = {isa = PBXFileReference; includeInIndex = 1; lastKnownFileType = text.xcconfig; name = "Pods-Stuciety.release.xcconfig"; path = "Target Support Files/Pods-Stuciety/Pods-Stuciety.release.xcconfig"; sourceTree = "<group>"; };
		B3135AD34672CD451F473D5D /* Pods-Stuciety.debug.xcconfig */ = {isa = PBXFileReference; includeInIndex = 1; lastKnownFileType = text.xcconfig; name = "Pods-Stuciety.debug.xcconfig"; path = "Target Support Files/Pods-Stuciety/Pods-Stuciety.debug.xcconfig"; sourceTree = "<group>"; };
		E531DAD92605DE2800010B62 /* CustomUIView.swift */ = {isa = PBXFileReference; lastKnownFileType = sourcecode.swift; path = CustomUIView.swift; sourceTree = "<group>"; };
		E539D56726047E7700839E5A /* HomeViewController.swift */ = {isa = PBXFileReference; lastKnownFileType = sourcecode.swift; path = HomeViewController.swift; sourceTree = "<group>"; };
		E54061C22611F36A006C1AD4 /* Message.swift */ = {isa = PBXFileReference; lastKnownFileType = sourcecode.swift; path = Message.swift; sourceTree = "<group>"; };
		E54144F02604D9D500ADF901 /* CustomUITabBar.swift */ = {isa = PBXFileReference; lastKnownFileType = sourcecode.swift; path = CustomUITabBar.swift; sourceTree = "<group>"; };
		E5454D7D26022A7E00A14DE6 /* CustomUITextField.swift */ = {isa = PBXFileReference; fileEncoding = 4; lastKnownFileType = sourcecode.swift; path = CustomUITextField.swift; sourceTree = "<group>"; };
		E5454D7E26022A7E00A14DE6 /* CustomUIButton.swift */ = {isa = PBXFileReference; fileEncoding = 4; lastKnownFileType = sourcecode.swift; path = CustomUIButton.swift; sourceTree = "<group>"; };
		E5454D8A26022ABB00A14DE6 /* Main.storyboard */ = {isa = PBXFileReference; fileEncoding = 4; lastKnownFileType = file.storyboard; path = Main.storyboard; sourceTree = "<group>"; };
		E5454D8E26022B7F00A14DE6 /* GoogleService-Info.plist */ = {isa = PBXFileReference; fileEncoding = 4; lastKnownFileType = text.plist.xml; path = "GoogleService-Info.plist"; sourceTree = "<group>"; };
		E54A51F026319A630003D110 /* QuestionnaireCollectionViewCell.swift */ = {isa = PBXFileReference; lastKnownFileType = sourcecode.swift; path = QuestionnaireCollectionViewCell.swift; sourceTree = "<group>"; };
		E54A51F126319A630003D110 /* QuestionnaireCollectionViewCell.xib */ = {isa = PBXFileReference; lastKnownFileType = file.xib; path = QuestionnaireCollectionViewCell.xib; sourceTree = "<group>"; };
		E54A51F426319ECE0003D110 /* AccountCollectionViewCell.swift */ = {isa = PBXFileReference; lastKnownFileType = sourcecode.swift; path = AccountCollectionViewCell.swift; sourceTree = "<group>"; };
		E54A51F526319ECE0003D110 /* AccountCollectionViewCell.xib */ = {isa = PBXFileReference; lastKnownFileType = file.xib; path = AccountCollectionViewCell.xib; sourceTree = "<group>"; };
		E54A9B032602554000EFC6B8 /* Constants.swift */ = {isa = PBXFileReference; lastKnownFileType = sourcecode.swift; path = Constants.swift; sourceTree = "<group>"; };
		E54FEB5A263552F500CEF44F /* QuestionnaireBrain.swift */ = {isa = PBXFileReference; lastKnownFileType = sourcecode.swift; path = QuestionnaireBrain.swift; sourceTree = "<group>"; };
		E574929B260EFAA60094670E /* LoungeTableViewCell.swift */ = {isa = PBXFileReference; lastKnownFileType = sourcecode.swift; path = LoungeTableViewCell.swift; sourceTree = "<group>"; };
		E574929D260EFC5A0094670E /* LoungeCollectionViewCell.swift */ = {isa = PBXFileReference; lastKnownFileType = sourcecode.swift; path = LoungeCollectionViewCell.swift; sourceTree = "<group>"; };
		E57492A0260EFCD90094670E /* Topic.swift */ = {isa = PBXFileReference; lastKnownFileType = sourcecode.swift; path = Topic.swift; sourceTree = "<group>"; };
		E5767A5D26021FFB00E851B2 /* Stuciety.app */ = {isa = PBXFileReference; explicitFileType = wrapper.application; includeInIndex = 0; path = Stuciety.app; sourceTree = BUILT_PRODUCTS_DIR; };
		E5767A6026021FFB00E851B2 /* AppDelegate.swift */ = {isa = PBXFileReference; lastKnownFileType = sourcecode.swift; path = AppDelegate.swift; sourceTree = "<group>"; };
		E5767A6226021FFB00E851B2 /* SceneDelegate.swift */ = {isa = PBXFileReference; lastKnownFileType = sourcecode.swift; path = SceneDelegate.swift; sourceTree = "<group>"; };
		E5767A692602200100E851B2 /* Assets.xcassets */ = {isa = PBXFileReference; lastKnownFileType = folder.assetcatalog; path = Assets.xcassets; sourceTree = "<group>"; };
		E5767A6C2602200100E851B2 /* Base */ = {isa = PBXFileReference; lastKnownFileType = file.storyboard; name = Base; path = Base.lproj/LaunchScreen.storyboard; sourceTree = "<group>"; };
		E5767A6E2602200100E851B2 /* Info.plist */ = {isa = PBXFileReference; lastKnownFileType = text.plist.xml; path = Info.plist; sourceTree = "<group>"; };
		E578153B26257A4A00E424B4 /* CounselorViewController.swift */ = {isa = PBXFileReference; lastKnownFileType = sourcecode.swift; path = CounselorViewController.swift; sourceTree = "<group>"; };
		E57E4D5B261B19FD00C8EFCA /* ChatViewController.swift */ = {isa = PBXFileReference; lastKnownFileType = sourcecode.swift; path = ChatViewController.swift; sourceTree = "<group>"; };
		E58F1118262986FE00266B12 /* LoungeRoomViewController.swift */ = {isa = PBXFileReference; lastKnownFileType = sourcecode.swift; path = LoungeRoomViewController.swift; sourceTree = "<group>"; };
		E592BFDF261B63F600C40341 /* CustomUIInputBar.swift */ = {isa = PBXFileReference; lastKnownFileType = sourcecode.swift; path = CustomUIInputBar.swift; sourceTree = "<group>"; };
		E59D1AE0263421200042EEED /* QuestionViewController.swift */ = {isa = PBXFileReference; lastKnownFileType = sourcecode.swift; path = QuestionViewController.swift; sourceTree = "<group>"; };
		E59D1AE2263424100042EEED /* Question.swift */ = {isa = PBXFileReference; lastKnownFileType = sourcecode.swift; path = Question.swift; sourceTree = "<group>"; };
		E59F03042629649E00E0E475 /* TableAnimations.swift */ = {isa = PBXFileReference; lastKnownFileType = sourcecode.swift; path = TableAnimations.swift; sourceTree = "<group>"; };
		E59F03062629650E00E0E475 /* Tables.swift */ = {isa = PBXFileReference; lastKnownFileType = sourcecode.swift; path = Tables.swift; sourceTree = "<group>"; };
		E5B112C0262EB6330043889A /* QuestionnaireViewController.swift */ = {isa = PBXFileReference; lastKnownFileType = sourcecode.swift; path = QuestionnaireViewController.swift; sourceTree = "<group>"; };
		E5B3BA9626023132005D1D0B /* WelcomeViewController.swift */ = {isa = PBXFileReference; lastKnownFileType = sourcecode.swift; path = WelcomeViewController.swift; sourceTree = "<group>"; };
		E5B3BA9826023143005D1D0B /* LoginViewController.swift */ = {isa = PBXFileReference; lastKnownFileType = sourcecode.swift; path = LoginViewController.swift; sourceTree = "<group>"; };
		E5B3BA9A26023150005D1D0B /* RegisterViewController.swift */ = {isa = PBXFileReference; lastKnownFileType = sourcecode.swift; path = RegisterViewController.swift; sourceTree = "<group>"; };
		E5C5EB382625A3AE00B78932 /* Counselor.swift */ = {isa = PBXFileReference; lastKnownFileType = sourcecode.swift; path = Counselor.swift; sourceTree = "<group>"; };
		E5C5EB3A2625A7DC00B78932 /* CounselorDetailsViewController.swift */ = {isa = PBXFileReference; lastKnownFileType = sourcecode.swift; path = CounselorDetailsViewController.swift; sourceTree = "<group>"; };
		E5C84C57261EF1AE00559C53 /* AccountViewController.swift */ = {isa = PBXFileReference; lastKnownFileType = sourcecode.swift; path = AccountViewController.swift; sourceTree = "<group>"; };
		E5CF8A1626258D6500E69C22 /* CounselorTableViewCell.swift */ = {isa = PBXFileReference; lastKnownFileType = sourcecode.swift; path = CounselorTableViewCell.swift; sourceTree = "<group>"; };
		E5E060D72632BA1400198399 /* QuestionHomeViewController.swift */ = {isa = PBXFileReference; lastKnownFileType = sourcecode.swift; path = QuestionHomeViewController.swift; sourceTree = "<group>"; };
		E5E099DD261894EC004CFE69 /* SettingsViewController.swift */ = {isa = PBXFileReference; lastKnownFileType = sourcecode.swift; path = SettingsViewController.swift; sourceTree = "<group>"; };
		E5E0E4B3261DD5D9001F59CE /* AddPhotoViewController.swift */ = {isa = PBXFileReference; lastKnownFileType = sourcecode.swift; path = AddPhotoViewController.swift; sourceTree = "<group>"; };
		E5E0EDA32632B15300D52230 /* Questionnaire.swift */ = {isa = PBXFileReference; lastKnownFileType = sourcecode.swift; path = Questionnaire.swift; sourceTree = "<group>"; };
		E75663564263D437D738F6B6 /* Pods_Stuciety.framework */ = {isa = PBXFileReference; explicitFileType = wrapper.framework; includeInIndex = 0; path = Pods_Stuciety.framework; sourceTree = BUILT_PRODUCTS_DIR; };
/* End PBXFileReference section */

/* Begin PBXFrameworksBuildPhase section */
		E5767A5A26021FFB00E851B2 /* Frameworks */ = {
			isa = PBXFrameworksBuildPhase;
			buildActionMask = 2147483647;
			files = (
				E5454D9126022BC800A14DE6 /* Pods_Stuciety.framework in Frameworks */,
			);
			runOnlyForDeploymentPostprocessing = 0;
		};
/* End PBXFrameworksBuildPhase section */

/* Begin PBXGroup section */
		6D21508A1B692ED07E110AFD /* Pods */ = {
			isa = PBXGroup;
			children = (
				B3135AD34672CD451F473D5D /* Pods-Stuciety.debug.xcconfig */,
				2C9A29EF4185FC5DDAEF05AF /* Pods-Stuciety.release.xcconfig */,
			);
			path = Pods;
			sourceTree = "<group>";
		};
		DC6B09C550CF7183C123CABB /* Frameworks */ = {
			isa = PBXGroup;
			children = (
				E75663564263D437D738F6B6 /* Pods_Stuciety.framework */,
			);
			name = Frameworks;
			sourceTree = "<group>";
		};
		E5454D7226022A0700A14DE6 /* Controller */ = {
			isa = PBXGroup;
			children = (
				E5B3BA9626023132005D1D0B /* WelcomeViewController.swift */,
				E5C4F787261DAFAF00EE4643 /* Authentication */,
				E5C5EB3E2625ACE900B78932 /* Lounge */,
				E57E4D5B261B19FD00C8EFCA /* ChatViewController.swift */,
				E5C5EB3D2625AC1B00B78932 /* Counselor */,
				E5B112C2262EB63E0043889A /* Questionnaire */,
				E5C5EB3C2625AC0E00B78932 /* Settings */,
			);
			path = Controller;
			sourceTree = "<group>";
		};
		E5454D7326022A1900A14DE6 /* View */ = {
			isa = PBXGroup;
			children = (
				E5454D8A26022ABB00A14DE6 /* Main.storyboard */,
			);
			path = View;
			sourceTree = "<group>";
		};
		E5454D7C26022A7E00A14DE6 /* Utilities */ = {
			isa = PBXGroup;
			children = (
				E54A9B032602554000EFC6B8 /* Constants.swift */,
				E5454D7E26022A7E00A14DE6 /* CustomUIButton.swift */,
				E5454D7D26022A7E00A14DE6 /* CustomUITextField.swift */,
				E54144F02604D9D500ADF901 /* CustomUITabBar.swift */,
				E531DAD92605DE2800010B62 /* CustomUIView.swift */,
				E592BFDF261B63F600C40341 /* CustomUIInputBar.swift */,
			);
			path = Utilities;
			sourceTree = "<group>";
		};
		E574929F260EFCC80094670E /* Model */ = {
			isa = PBXGroup;
			children = (
				E5C5EB382625A3AE00B78932 /* Counselor.swift */,
				E54061C22611F36A006C1AD4 /* Message.swift */,
				E59F03062629650E00E0E475 /* Tables.swift */,
				E57492A0260EFCD90094670E /* Topic.swift */,
				E5E0EDA32632B15300D52230 /* Questionnaire.swift */,
				E59D1AE2263424100042EEED /* Question.swift */,
				E54FEB5A263552F500CEF44F /* QuestionnaireBrain.swift */,
			);
			path = Model;
			sourceTree = "<group>";
		};
		E5767A5426021FFB00E851B2 = {
			isa = PBXGroup;
			children = (
				E5767A5F26021FFB00E851B2 /* Stuciety */,
				E5767A5E26021FFB00E851B2 /* Products */,
				6D21508A1B692ED07E110AFD /* Pods */,
				DC6B09C550CF7183C123CABB /* Frameworks */,
			);
			sourceTree = "<group>";
		};
		E5767A5E26021FFB00E851B2 /* Products */ = {
			isa = PBXGroup;
			children = (
				E5767A5D26021FFB00E851B2 /* Stuciety.app */,
			);
			name = Products;
			sourceTree = "<group>";
		};
		E5767A5F26021FFB00E851B2 /* Stuciety */ = {
			isa = PBXGroup;
			children = (
				E59F03032629647700E0E475 /* Animation */,
				E574929F260EFCC80094670E /* Model */,
				E5454D7326022A1900A14DE6 /* View */,
				E5454D7226022A0700A14DE6 /* Controller */,
				E5767A692602200100E851B2 /* Assets.xcassets */,
				E5DAE5662629C6EE00266FBE /* Supporting Files */,
				E5454D7C26022A7E00A14DE6 /* Utilities */,
			);
			path = Stuciety;
			sourceTree = "<group>";
		};
		E59F03032629647700E0E475 /* Animation */ = {
			isa = PBXGroup;
			children = (
				E59F03042629649E00E0E475 /* TableAnimations.swift */,
			);
			path = Animation;
			sourceTree = "<group>";
		};
		E5B112C2262EB63E0043889A /* Questionnaire */ = {
			isa = PBXGroup;
			children = (
				E5E060D62632B9DE00198399 /* Collection View Cell */,
				E5B112C0262EB6330043889A /* QuestionnaireViewController.swift */,
				E5E060D72632BA1400198399 /* QuestionHomeViewController.swift */,
				E59D1AE0263421200042EEED /* QuestionViewController.swift */,
			);
			path = Questionnaire;
			sourceTree = "<group>";
		};
		E5C4F787261DAFAF00EE4643 /* Authentication */ = {
			isa = PBXGroup;
			children = (
				E5B3BA9826023143005D1D0B /* LoginViewController.swift */,
				E5B3BA9A26023150005D1D0B /* RegisterViewController.swift */,
				E5E0E4B3261DD5D9001F59CE /* AddPhotoViewController.swift */,
			);
			path = Authentication;
			sourceTree = "<group>";
		};
		E5C5EB3C2625AC0E00B78932 /* Settings */ = {
			isa = PBXGroup;
			children = (
				E5E099DD261894EC004CFE69 /* SettingsViewController.swift */,
				E5C84C57261EF1AE00559C53 /* AccountViewController.swift */,
			);
			path = Settings;
			sourceTree = "<group>";
		};
		E5C5EB3D2625AC1B00B78932 /* Counselor */ = {
			isa = PBXGroup;
			children = (
				E578153B26257A4A00E424B4 /* CounselorViewController.swift */,
				E5CF8A1626258D6500E69C22 /* CounselorTableViewCell.swift */,
				E5C5EB3A2625A7DC00B78932 /* CounselorDetailsViewController.swift */,
			);
			path = Counselor;
			sourceTree = "<group>";
		};
		E5C5EB3E2625ACE900B78932 /* Lounge */ = {
			isa = PBXGroup;
			children = (
				E539D56726047E7700839E5A /* HomeViewController.swift */,
				E574929B260EFAA60094670E /* LoungeTableViewCell.swift */,
				E574929D260EFC5A0094670E /* LoungeCollectionViewCell.swift */,
				E58F1118262986FE00266B12 /* LoungeRoomViewController.swift */,
			);
			path = Lounge;
			sourceTree = "<group>";
		};
		E5DAE5662629C6EE00266FBE /* Supporting Files */ = {
			isa = PBXGroup;
			children = (
				E5767A6026021FFB00E851B2 /* AppDelegate.swift */,
				E5767A6226021FFB00E851B2 /* SceneDelegate.swift */,
				E5767A6B2602200100E851B2 /* LaunchScreen.storyboard */,
				E5454D8E26022B7F00A14DE6 /* GoogleService-Info.plist */,
				E5767A6E2602200100E851B2 /* Info.plist */,
			);
			path = "Supporting Files";
			sourceTree = "<group>";
		};
		E5E060D62632B9DE00198399 /* Collection View Cell */ = {
			isa = PBXGroup;
			children = (
				E54A51F026319A630003D110 /* QuestionnaireCollectionViewCell.swift */,
				E54A51F126319A630003D110 /* QuestionnaireCollectionViewCell.xib */,
				E54A51F426319ECE0003D110 /* AccountCollectionViewCell.swift */,
				E54A51F526319ECE0003D110 /* AccountCollectionViewCell.xib */,
			);
			path = "Collection View Cell";
			sourceTree = "<group>";
		};
/* End PBXGroup section */

/* Begin PBXNativeTarget section */
		E5767A5C26021FFB00E851B2 /* Stuciety */ = {
			isa = PBXNativeTarget;
			buildConfigurationList = E5767A712602200100E851B2 /* Build configuration list for PBXNativeTarget "Stuciety" */;
			buildPhases = (
				11FBF3995E28D23B744A942D /* [CP] Check Pods Manifest.lock */,
				E5767A5926021FFB00E851B2 /* Sources */,
				E5767A5A26021FFB00E851B2 /* Frameworks */,
				E5767A5B26021FFB00E851B2 /* Resources */,
				8233EBA6DBA807FD919BBBAF /* [CP] Embed Pods Frameworks */,
				E5454D9326022BC800A14DE6 /* Embed Frameworks */,
			);
			buildRules = (
			);
			dependencies = (
			);
			name = Stuciety;
			productName = Stuciety;
			productReference = E5767A5D26021FFB00E851B2 /* Stuciety.app */;
			productType = "com.apple.product-type.application";
		};
/* End PBXNativeTarget section */

/* Begin PBXProject section */
		E5767A5526021FFB00E851B2 /* Project object */ = {
			isa = PBXProject;
			attributes = {
				LastSwiftUpdateCheck = 1240;
				LastUpgradeCheck = 1240;
				TargetAttributes = {
					E5767A5C26021FFB00E851B2 = {
						CreatedOnToolsVersion = 12.4;
					};
				};
			};
			buildConfigurationList = E5767A5826021FFB00E851B2 /* Build configuration list for PBXProject "Stuciety" */;
			compatibilityVersion = "Xcode 9.3";
			developmentRegion = en;
			hasScannedForEncodings = 0;
			knownRegions = (
				en,
				Base,
			);
			mainGroup = E5767A5426021FFB00E851B2;
			productRefGroup = E5767A5E26021FFB00E851B2 /* Products */;
			projectDirPath = "";
			projectRoot = "";
			targets = (
				E5767A5C26021FFB00E851B2 /* Stuciety */,
			);
		};
/* End PBXProject section */

/* Begin PBXResourcesBuildPhase section */
		E5767A5B26021FFB00E851B2 /* Resources */ = {
			isa = PBXResourcesBuildPhase;
			buildActionMask = 2147483647;
			files = (
				E54A51F726319ECF0003D110 /* AccountCollectionViewCell.xib in Resources */,
				E5767A6D2602200100E851B2 /* LaunchScreen.storyboard in Resources */,
				E54A51F326319A630003D110 /* QuestionnaireCollectionViewCell.xib in Resources */,
				E5454D8F26022B8000A14DE6 /* GoogleService-Info.plist in Resources */,
				E5767A6A2602200100E851B2 /* Assets.xcassets in Resources */,
				E5454D8B26022ABC00A14DE6 /* Main.storyboard in Resources */,
			);
			runOnlyForDeploymentPostprocessing = 0;
		};
/* End PBXResourcesBuildPhase section */

/* Begin PBXShellScriptBuildPhase section */
		11FBF3995E28D23B744A942D /* [CP] Check Pods Manifest.lock */ = {
			isa = PBXShellScriptBuildPhase;
			buildActionMask = 2147483647;
			files = (
			);
			inputFileListPaths = (
			);
			inputPaths = (
				"${PODS_PODFILE_DIR_PATH}/Podfile.lock",
				"${PODS_ROOT}/Manifest.lock",
			);
			name = "[CP] Check Pods Manifest.lock";
			outputFileListPaths = (
			);
			outputPaths = (
				"$(DERIVED_FILE_DIR)/Pods-Stuciety-checkManifestLockResult.txt",
			);
			runOnlyForDeploymentPostprocessing = 0;
			shellPath = /bin/sh;
			shellScript = "diff \"${PODS_PODFILE_DIR_PATH}/Podfile.lock\" \"${PODS_ROOT}/Manifest.lock\" > /dev/null\nif [ $? != 0 ] ; then\n    # print error to STDERR\n    echo \"error: The sandbox is not in sync with the Podfile.lock. Run 'pod install' or update your CocoaPods installation.\" >&2\n    exit 1\nfi\n# This output is used by Xcode 'outputs' to avoid re-running this script phase.\necho \"SUCCESS\" > \"${SCRIPT_OUTPUT_FILE_0}\"\n";
			showEnvVarsInLog = 0;
		};
		8233EBA6DBA807FD919BBBAF /* [CP] Embed Pods Frameworks */ = {
			isa = PBXShellScriptBuildPhase;
			buildActionMask = 2147483647;
			files = (
			);
			inputFileListPaths = (
				"${PODS_ROOT}/Target Support Files/Pods-Stuciety/Pods-Stuciety-frameworks-${CONFIGURATION}-input-files.xcfilelist",
			);
			name = "[CP] Embed Pods Frameworks";
			outputFileListPaths = (
				"${PODS_ROOT}/Target Support Files/Pods-Stuciety/Pods-Stuciety-frameworks-${CONFIGURATION}-output-files.xcfilelist",
			);
			runOnlyForDeploymentPostprocessing = 0;
			shellPath = /bin/sh;
			shellScript = "\"${PODS_ROOT}/Target Support Files/Pods-Stuciety/Pods-Stuciety-frameworks.sh\"\n";
			showEnvVarsInLog = 0;
		};
/* End PBXShellScriptBuildPhase section */

/* Begin PBXSourcesBuildPhase section */
		E5767A5926021FFB00E851B2 /* Sources */ = {
			isa = PBXSourcesBuildPhase;
			buildActionMask = 2147483647;
			files = (
				E5B3BA9926023143005D1D0B /* LoginViewController.swift in Sources */,
				E5E060D82632BA1400198399 /* QuestionHomeViewController.swift in Sources */,
				E5B3BA9726023132005D1D0B /* WelcomeViewController.swift in Sources */,
				E59D1AE3263424100042EEED /* Question.swift in Sources */,
				E5B3BA9B26023150005D1D0B /* RegisterViewController.swift in Sources */,
				E5454D8026022A7E00A14DE6 /* CustomUIButton.swift in Sources */,
				E531DADA2605DE2800010B62 /* CustomUIView.swift in Sources */,
				E5767A6126021FFB00E851B2 /* AppDelegate.swift in Sources */,
				E5E0EDA42632B15300D52230 /* Questionnaire.swift in Sources */,
				E54A51F226319A630003D110 /* QuestionnaireCollectionViewCell.swift in Sources */,
				E5C84C58261EF1AE00559C53 /* AccountViewController.swift in Sources */,
				E54A51F626319ECF0003D110 /* AccountCollectionViewCell.swift in Sources */,
				E539D56826047E7800839E5A /* HomeViewController.swift in Sources */,
				E5CF8A1726258D6500E69C22 /* CounselorTableViewCell.swift in Sources */,
				E578153C26257A4A00E424B4 /* CounselorViewController.swift in Sources */,
				E5B112C1262EB6340043889A /* QuestionnaireViewController.swift in Sources */,
				E54144F12604D9D500ADF901 /* CustomUITabBar.swift in Sources */,
				E574929E260EFC5A0094670E /* LoungeCollectionViewCell.swift in Sources */,
				E5C5EB392625A3AE00B78932 /* Counselor.swift in Sources */,
				E5454D7F26022A7E00A14DE6 /* CustomUITextField.swift in Sources */,
				E5C5EB3B2625A7DC00B78932 /* CounselorDetailsViewController.swift in Sources */,
				E57E4D5C261B19FD00C8EFCA /* ChatViewController.swift in Sources */,
				E574929C260EFAA60094670E /* LoungeTableViewCell.swift in Sources */,
				E58F1119262986FE00266B12 /* LoungeRoomViewController.swift in Sources */,
				E5767A6326021FFB00E851B2 /* SceneDelegate.swift in Sources */,
				E5E099DE261894EC004CFE69 /* SettingsViewController.swift in Sources */,
				E54A9B042602554000EFC6B8 /* Constants.swift in Sources */,
				E59F03072629650E00E0E475 /* Tables.swift in Sources */,
				E59F03052629649E00E0E475 /* TableAnimations.swift in Sources */,
				E592BFE0261B63F600C40341 /* CustomUIInputBar.swift in Sources */,
				E54FEB5B263552F500CEF44F /* QuestionnaireBrain.swift in Sources */,
				E54061C32611F36A006C1AD4 /* Message.swift in Sources */,
				E5E0E4B4261DD5D9001F59CE /* AddPhotoViewController.swift in Sources */,
				E57492A1260EFCD90094670E /* Topic.swift in Sources */,
				E59D1AE1263421200042EEED /* QuestionViewController.swift in Sources */,
			);
			runOnlyForDeploymentPostprocessing = 0;
		};
/* End PBXSourcesBuildPhase section */

/* Begin PBXVariantGroup section */
		E5767A6B2602200100E851B2 /* LaunchScreen.storyboard */ = {
			isa = PBXVariantGroup;
			children = (
				E5767A6C2602200100E851B2 /* Base */,
			);
			name = LaunchScreen.storyboard;
			sourceTree = "<group>";
		};
/* End PBXVariantGroup section */

/* Begin XCBuildConfiguration section */
		E5767A6F2602200100E851B2 /* Debug */ = {
			isa = XCBuildConfiguration;
			buildSettings = {
				ALWAYS_SEARCH_USER_PATHS = NO;
				CLANG_ANALYZER_NONNULL = YES;
				CLANG_ANALYZER_NUMBER_OBJECT_CONVERSION = YES_AGGRESSIVE;
				CLANG_CXX_LANGUAGE_STANDARD = "gnu++14";
				CLANG_CXX_LIBRARY = "libc++";
				CLANG_ENABLE_MODULES = YES;
				CLANG_ENABLE_OBJC_ARC = YES;
				CLANG_ENABLE_OBJC_WEAK = YES;
				CLANG_WARN_BLOCK_CAPTURE_AUTORELEASING = YES;
				CLANG_WARN_BOOL_CONVERSION = YES;
				CLANG_WARN_COMMA = YES;
				CLANG_WARN_CONSTANT_CONVERSION = YES;
				CLANG_WARN_DEPRECATED_OBJC_IMPLEMENTATIONS = YES;
				CLANG_WARN_DIRECT_OBJC_ISA_USAGE = YES_ERROR;
				CLANG_WARN_DOCUMENTATION_COMMENTS = YES;
				CLANG_WARN_EMPTY_BODY = YES;
				CLANG_WARN_ENUM_CONVERSION = YES;
				CLANG_WARN_INFINITE_RECURSION = YES;
				CLANG_WARN_INT_CONVERSION = YES;
				CLANG_WARN_NON_LITERAL_NULL_CONVERSION = YES;
				CLANG_WARN_OBJC_IMPLICIT_RETAIN_SELF = YES;
				CLANG_WARN_OBJC_LITERAL_CONVERSION = YES;
				CLANG_WARN_OBJC_ROOT_CLASS = YES_ERROR;
				CLANG_WARN_QUOTED_INCLUDE_IN_FRAMEWORK_HEADER = YES;
				CLANG_WARN_RANGE_LOOP_ANALYSIS = YES;
				CLANG_WARN_STRICT_PROTOTYPES = YES;
				CLANG_WARN_SUSPICIOUS_MOVE = YES;
				CLANG_WARN_UNGUARDED_AVAILABILITY = YES_AGGRESSIVE;
				CLANG_WARN_UNREACHABLE_CODE = YES;
				CLANG_WARN__DUPLICATE_METHOD_MATCH = YES;
				COPY_PHASE_STRIP = NO;
				DEBUG_INFORMATION_FORMAT = dwarf;
				ENABLE_STRICT_OBJC_MSGSEND = YES;
				ENABLE_TESTABILITY = YES;
				GCC_C_LANGUAGE_STANDARD = gnu11;
				GCC_DYNAMIC_NO_PIC = NO;
				GCC_NO_COMMON_BLOCKS = YES;
				GCC_OPTIMIZATION_LEVEL = 0;
				GCC_PREPROCESSOR_DEFINITIONS = (
					"DEBUG=1",
					"$(inherited)",
				);
				GCC_WARN_64_TO_32_BIT_CONVERSION = YES;
				GCC_WARN_ABOUT_RETURN_TYPE = YES_ERROR;
				GCC_WARN_UNDECLARED_SELECTOR = YES;
				GCC_WARN_UNINITIALIZED_AUTOS = YES_AGGRESSIVE;
				GCC_WARN_UNUSED_FUNCTION = YES;
				GCC_WARN_UNUSED_VARIABLE = YES;
				IPHONEOS_DEPLOYMENT_TARGET = 14.4;
				MTL_ENABLE_DEBUG_INFO = INCLUDE_SOURCE;
				MTL_FAST_MATH = YES;
				ONLY_ACTIVE_ARCH = YES;
				SDKROOT = iphoneos;
				SWIFT_ACTIVE_COMPILATION_CONDITIONS = DEBUG;
				SWIFT_OPTIMIZATION_LEVEL = "-Onone";
			};
			name = Debug;
		};
		E5767A702602200100E851B2 /* Release */ = {
			isa = XCBuildConfiguration;
			buildSettings = {
				ALWAYS_SEARCH_USER_PATHS = NO;
				CLANG_ANALYZER_NONNULL = YES;
				CLANG_ANALYZER_NUMBER_OBJECT_CONVERSION = YES_AGGRESSIVE;
				CLANG_CXX_LANGUAGE_STANDARD = "gnu++14";
				CLANG_CXX_LIBRARY = "libc++";
				CLANG_ENABLE_MODULES = YES;
				CLANG_ENABLE_OBJC_ARC = YES;
				CLANG_ENABLE_OBJC_WEAK = YES;
				CLANG_WARN_BLOCK_CAPTURE_AUTORELEASING = YES;
				CLANG_WARN_BOOL_CONVERSION = YES;
				CLANG_WARN_COMMA = YES;
				CLANG_WARN_CONSTANT_CONVERSION = YES;
				CLANG_WARN_DEPRECATED_OBJC_IMPLEMENTATIONS = YES;
				CLANG_WARN_DIRECT_OBJC_ISA_USAGE = YES_ERROR;
				CLANG_WARN_DOCUMENTATION_COMMENTS = YES;
				CLANG_WARN_EMPTY_BODY = YES;
				CLANG_WARN_ENUM_CONVERSION = YES;
				CLANG_WARN_INFINITE_RECURSION = YES;
				CLANG_WARN_INT_CONVERSION = YES;
				CLANG_WARN_NON_LITERAL_NULL_CONVERSION = YES;
				CLANG_WARN_OBJC_IMPLICIT_RETAIN_SELF = YES;
				CLANG_WARN_OBJC_LITERAL_CONVERSION = YES;
				CLANG_WARN_OBJC_ROOT_CLASS = YES_ERROR;
				CLANG_WARN_QUOTED_INCLUDE_IN_FRAMEWORK_HEADER = YES;
				CLANG_WARN_RANGE_LOOP_ANALYSIS = YES;
				CLANG_WARN_STRICT_PROTOTYPES = YES;
				CLANG_WARN_SUSPICIOUS_MOVE = YES;
				CLANG_WARN_UNGUARDED_AVAILABILITY = YES_AGGRESSIVE;
				CLANG_WARN_UNREACHABLE_CODE = YES;
				CLANG_WARN__DUPLICATE_METHOD_MATCH = YES;
				COPY_PHASE_STRIP = NO;
				DEBUG_INFORMATION_FORMAT = "dwarf-with-dsym";
				ENABLE_NS_ASSERTIONS = NO;
				ENABLE_STRICT_OBJC_MSGSEND = YES;
				GCC_C_LANGUAGE_STANDARD = gnu11;
				GCC_NO_COMMON_BLOCKS = YES;
				GCC_WARN_64_TO_32_BIT_CONVERSION = YES;
				GCC_WARN_ABOUT_RETURN_TYPE = YES_ERROR;
				GCC_WARN_UNDECLARED_SELECTOR = YES;
				GCC_WARN_UNINITIALIZED_AUTOS = YES_AGGRESSIVE;
				GCC_WARN_UNUSED_FUNCTION = YES;
				GCC_WARN_UNUSED_VARIABLE = YES;
				IPHONEOS_DEPLOYMENT_TARGET = 14.4;
				MTL_ENABLE_DEBUG_INFO = NO;
				MTL_FAST_MATH = YES;
				SDKROOT = iphoneos;
				SWIFT_COMPILATION_MODE = wholemodule;
				SWIFT_OPTIMIZATION_LEVEL = "-O";
				VALIDATE_PRODUCT = YES;
			};
			name = Release;
		};
		E5767A722602200100E851B2 /* Debug */ = {
			isa = XCBuildConfiguration;
			baseConfigurationReference = B3135AD34672CD451F473D5D /* Pods-Stuciety.debug.xcconfig */;
			buildSettings = {
				ASSETCATALOG_COMPILER_APPICON_NAME = AppIcon;
				ASSETCATALOG_COMPILER_GLOBAL_ACCENT_COLOR_NAME = AccentColor;
				CODE_SIGN_STYLE = Automatic;
				DEVELOPMENT_TEAM = QL7B6ZXFS7;
				INFOPLIST_FILE = "Stuciety/Supporting Files/Info.plist";
				LD_RUNPATH_SEARCH_PATHS = (
					"$(inherited)",
					"@executable_path/Frameworks",
				);
				PRODUCT_BUNDLE_IDENTIFIER = com.bryancolin.Stuciety;
				PRODUCT_NAME = "$(TARGET_NAME)";
				SWIFT_VERSION = 5.0;
				TARGETED_DEVICE_FAMILY = "1,2";
			};
			name = Debug;
		};
		E5767A732602200100E851B2 /* Release */ = {
			isa = XCBuildConfiguration;
			baseConfigurationReference = 2C9A29EF4185FC5DDAEF05AF /* Pods-Stuciety.release.xcconfig */;
			buildSettings = {
				ASSETCATALOG_COMPILER_APPICON_NAME = AppIcon;
				ASSETCATALOG_COMPILER_GLOBAL_ACCENT_COLOR_NAME = AccentColor;
				CODE_SIGN_STYLE = Automatic;
				DEVELOPMENT_TEAM = QL7B6ZXFS7;
				INFOPLIST_FILE = "Stuciety/Supporting Files/Info.plist";
				LD_RUNPATH_SEARCH_PATHS = (
					"$(inherited)",
					"@executable_path/Frameworks",
				);
				PRODUCT_BUNDLE_IDENTIFIER = com.bryancolin.Stuciety;
				PRODUCT_NAME = "$(TARGET_NAME)";
				SWIFT_VERSION = 5.0;
				TARGETED_DEVICE_FAMILY = "1,2";
			};
			name = Release;
		};
/* End XCBuildConfiguration section */

/* Begin XCConfigurationList section */
		E5767A5826021FFB00E851B2 /* Build configuration list for PBXProject "Stuciety" */ = {
			isa = XCConfigurationList;
			buildConfigurations = (
				E5767A6F2602200100E851B2 /* Debug */,
				E5767A702602200100E851B2 /* Release */,
			);
			defaultConfigurationIsVisible = 0;
			defaultConfigurationName = Release;
		};
		E5767A712602200100E851B2 /* Build configuration list for PBXNativeTarget "Stuciety" */ = {
			isa = XCConfigurationList;
			buildConfigurations = (
				E5767A722602200100E851B2 /* Debug */,
				E5767A732602200100E851B2 /* Release */,
			);
			defaultConfigurationIsVisible = 0;
			defaultConfigurationName = Release;
		};
/* End XCConfigurationList section */
	};
	rootObject = E5767A5526021FFB00E851B2 /* Project object */;
}
